
Microsoft Visual Studio Solution File, Format Version 12.00
# Visual Studio Version 17
VisualStudioVersion = 17.9.34701.34
MinimumVisualStudioVersion = 10.0.40219.1
Project("{FAE04EC0-301F-11D3-BF4B-00C04F79EFBC}") = "VuTienChien_4248_Tuan3", "VuTienChien_4248_Tuan3.csproj", "{035DFE58-1972-410C-B2D0-43B71187DD7C}"
EndProject
Global
	GlobalSection(SolutionConfigurationPlatforms) = preSolution
		Debug|Any CPU = Debug|Any CPU
		Release|Any CPU = Release|Any CPU
	EndGlobalSection
	GlobalSection(ProjectConfigurationPlatforms) = postSolution
		{035DFE58-1972-410C-B2D0-43B71187DD7C}.Debug|Any CPU.ActiveCfg = Debug|Any CPU
		{035DFE58-1972-410C-B2D0-43B71187DD7C}.Debug|Any CPU.Build.0 = Debug|Any CPU
		{035DFE58-1972-410C-B2D0-43B71187DD7C}.Release|Any CPU.ActiveCfg = Release|Any CPU
		{035DFE58-1972-410C-B2D0-43B71187DD7C}.Release|Any CPU.Build.0 = Release|Any CPU
	EndGlobalSection
	GlobalSection(SolutionProperties) = preSolution
		HideSolutionNode = FALSE
	EndGlobalSection
	GlobalSection(ExtensibilityGlobals) = postSolution
		SolutionGuid = {6B17B516-CFA7-4A0B-ACD4-A6C2AB45E506}
	EndGlobalSection
EndGlobal
